
Microsoft Visual Studio Solution File, Format Version 12.00
# Visual Studio Version 16
VisualStudioVersion = 16.0.29230.47
MinimumVisualStudioVersion = 10.0.40219.1
Project("{FAE04EC0-301F-11D3-BF4B-00C04F79EFBC}") = "RTFParser", "RTFParser\RTFParser.csproj", "{E0F3348F-9583-4AD7-B2C3-AF3D3E857AF9}"
EndProject
Project("{FAE04EC0-301F-11D3-BF4B-00C04F79EFBC}") = "RTFParser.UnitTest", "RTFParser.UnitTest\RTFParser.UnitTest.csproj", "{8CE9651D-C8E9-456A-85C1-7E13BF8202B2}"
EndProject
Global
	GlobalSection(SolutionConfigurationPlatforms) = preSolution
		Debug|Any CPU = Debug|Any CPU
		Release|Any CPU = Release|Any CPU
	EndGlobalSection
	GlobalSection(ProjectConfigurationPlatforms) = postSolution
		{E0F3348F-9583-4AD7-B2C3-AF3D3E857AF9}.Debug|Any CPU.ActiveCfg = Debug|Any CPU
		{E0F3348F-9583-4AD7-B2C3-AF3D3E857AF9}.Debug|Any CPU.Build.0 = Debug|Any CPU
		{E0F3348F-9583-4AD7-B2C3-AF3D3E857AF9}.Release|Any CPU.ActiveCfg = Release|Any CPU
		{E0F3348F-9583-4AD7-B2C3-AF3D3E857AF9}.Release|Any CPU.Build.0 = Release|Any CPU
		{8CE9651D-C8E9-456A-85C1-7E13BF8202B2}.Debug|Any CPU.ActiveCfg = Debug|Any CPU
		{8CE9651D-C8E9-456A-85C1-7E13BF8202B2}.Debug|Any CPU.Build.0 = Debug|Any CPU
		{8CE9651D-C8E9-456A-85C1-7E13BF8202B2}.Release|Any CPU.ActiveCfg = Release|Any CPU
		{8CE9651D-C8E9-456A-85C1-7E13BF8202B2}.Release|Any CPU.Build.0 = Release|Any CPU
	EndGlobalSection
	GlobalSection(SolutionProperties) = preSolution
		HideSolutionNode = FALSE
	EndGlobalSection
	GlobalSection(ExtensibilityGlobals) = postSolution
		SolutionGuid = {1A62C0E7-42E3-461E-924C-D3BD76223C3E}
	EndGlobalSection
EndGlobal
